dependencies:
- name: postgresql
  repository: https://charts.bitnami.com/bitnami
  version: 18.6.7
- name: catalog
  repository: file://charts/catalog
  version: 0.1.0
- name: query
  repository: file://charts/query
  version: 0.1.0
- name: ai
  repository: file://charts/ai
  version: 0.1.0
- name: frontend
  repository: file://charts/frontend
  version: 0.1.0
digest: sha256:a393538f75b5c93ff2fadb3aedb2a0d388bedd74cbb0c2c6b25390d913d4b2e1
generated: "2026-05-20T08:15:03.271614+03:00"
