dependencies:
- name: postgresql
  repository: https://charts.bitnami.com/bitnami
  version: 18.6.7
- name: catalog
  repository: file://charts/catalog
  version: 0.1.0
- name: query
  repository: file://charts/query
  version: 0.1.0
- name: mcp
  repository: file://charts/mcp
  version: 0.1.0
- name: ai
  repository: file://charts/ai
  version: 0.1.0
- name: worker
  repository: file://charts/worker
  version: 0.1.0
- name: agent
  repository: file://charts/agent
  version: 0.1.0
- name: auth
  repository: file://charts/auth
  version: 0.1.0
- name: mail
  repository: file://charts/mail
  version: 0.1.0
- name: frontend
  repository: file://charts/frontend
  version: 0.1.0
digest: sha256:a2479f107946c4d5cbfdf4e115193af2609c0aa5a7123847f7c02f43a7faa452
generated: "2026-07-06T22:31:15.681094+03:00"
