dependencies:
- name: postgresql
  repository: https://charts.bitnami.com/bitnami
  version: 18.6.7
- name: catalog
  repository: file://charts/catalog
  version: 0.1.0
- name: query
  repository: file://charts/query
  version: 0.1.0
- name: ai
  repository: file://charts/ai
  version: 0.1.0
- name: auth
  repository: file://charts/auth
  version: 0.1.0
- name: frontend
  repository: file://charts/frontend
  version: 0.1.0
digest: sha256:a4c10cd253298f9c2ab053a21fbe88096dec5190fd41e0d0c68bae1a70aa9ee1
generated: "2026-05-25T17:17:36.459383+03:00"
